
Microsoft Visual Studio Solution File, Format Version 12.00
# Visual Studio Version 17
VisualStudioVersion = 17.14.36811.4
MinimumVisualStudioVersion = 10.0.40219.1
Project("{2150E333-8FDC-42A3-9474-1A3956D46DE8}") = "Core", "Core", "{02EA681E-C7D8-13C7-8484-4AC65E1B71E8}"
EndProject
Project("{FAE04EC0-301F-11D3-BF4B-00C04F79EFBC}") = "CarRental.Domain", "Core\CarRental.Domain\CarRental.Domain.csproj", "{BABCF0B6-AC2B-41D4-998B-7B8BD9FDD186}"
EndProject
Project("{2150E333-8FDC-42A3-9474-1A3956D46DE8}") = "Infrastructure", "Infrastructure", "{259F17D9-A76E-4B50-8976-373F1A093EC8}"
EndProject
Project("{FAE04EC0-301F-11D3-BF4B-00C04F79EFBC}") = "CarRental.Persistence", "Infrastructure\CarRental.Persistence\CarRental.Persistence.csproj", "{36578F68-89A5-47A3-ABAB-12BB0A0B2DFB}"
EndProject
Project("{2150E333-8FDC-42A3-9474-1A3956D46DE8}") = "Presentation", "Presentation", "{F94856AA-7293-47D1-9F03-AE713FCD0C96}"
EndProject
Project("{FAE04EC0-301F-11D3-BF4B-00C04F79EFBC}") = "CarRental.WebApi", "Presentation\CarRental.WebApi\CarRental.WebApi.csproj", "{ADE9648A-F25A-4A21-897F-F8E7570B9A17}"
EndProject
Project("{FAE04EC0-301F-11D3-BF4B-00C04F79EFBC}") = "CarRental.Application", "Core\CarRental.Application\CarRental.Application.csproj", "{1459C03D-4E17-4D88-941C-C42409C0CD22}"
EndProject
Project("{2150E333-8FDC-42A3-9474-1A3956D46DE8}") = "Frontends", "Frontends", "{0FA2ABB8-E91E-42AE-B20D-DE8900C42823}"
EndProject
Project("{FAE04EC0-301F-11D3-BF4B-00C04F79EFBC}") = "CarRental.WebUI", "Frontends\CarRental.WebUI\CarRental.WebUI.csproj", "{CE83B319-F034-498D-ABBB-4BF427FA1A29}"
EndProject
Project("{FAE04EC0-301F-11D3-BF4B-00C04F79EFBC}") = "CarRental.Dto", "Frontends\CarRental.Dto\CarRental.Dto.csproj", "{0014767A-C498-43FB-857F-EA4BA587FA45}"
EndProject
Project("{2150E333-8FDC-42A3-9474-1A3956D46DE8}") = "Solution Items", "Solution Items", "{8EC462FD-D22E-90A8-E5CE-7E832BA40C5D}"
	ProjectSection(SolutionItems) = preProject
		README.md = README.md
	EndProjectSection
EndProject
Project("{2150E333-8FDC-42A3-9474-1A3956D46DE8}") = "screenshots", "screenshots", "{7763A846-C5EE-4530-BF70-34741498885F}"
	ProjectSection(SolutionItems) = preProject
		..\..\..\Desktop\ss\about.png = ..\..\..\Desktop\ss\about.png
		..\..\..\Desktop\ss\admin-dashbaord.png = ..\..\..\Desktop\ss\admin-dashbaord.png
		..\..\..\Desktop\ss\admin-rentacarprocess.png = ..\..\..\Desktop\ss\admin-rentacarprocess.png
		..\..\..\Desktop\ss\blog.png = ..\..\..\Desktop\ss\blog.png
		..\..\..\Desktop\ss\blogdetail1.png = ..\..\..\Desktop\ss\blogdetail1.png
		..\..\..\Desktop\ss\blogdetail2.png = ..\..\..\Desktop\ss\blogdetail2.png
		..\..\..\Desktop\ss\blogdetail3.png = ..\..\..\Desktop\ss\blogdetail3.png
		..\..\..\Desktop\ss\car.png = ..\..\..\Desktop\ss\car.png
		..\..\..\Desktop\ss\car2.png = ..\..\..\Desktop\ss\car2.png
		..\..\..\Desktop\ss\car3.png = ..\..\..\Desktop\ss\car3.png
		..\..\..\Desktop\ss\contact.png = ..\..\..\Desktop\ss\contact.png
		..\..\..\Desktop\ss\login.png = ..\..\..\Desktop\ss\login.png
		..\..\..\Desktop\ss\main.png = ..\..\..\Desktop\ss\main.png
		..\..\..\Desktop\ss\moderator-dashboard.png = ..\..\..\Desktop\ss\moderator-dashboard.png
		..\..\..\Desktop\ss\moderator-profile.png = ..\..\..\Desktop\ss\moderator-profile.png
		..\..\..\Desktop\ss\register.png = ..\..\..\Desktop\ss\register.png
		..\..\..\Desktop\ss\rentacarprocess.png = ..\..\..\Desktop\ss\rentacarprocess.png
		..\..\..\Desktop\ss\reservation.png = ..\..\..\Desktop\ss\reservation.png
		..\..\..\Desktop\ss\service.png = ..\..\..\Desktop\ss\service.png
	EndProjectSection
EndProject
Global
	GlobalSection(SolutionConfigurationPlatforms) = preSolution
		Debug|Any CPU = Debug|Any CPU
		Release|Any CPU = Release|Any CPU
	EndGlobalSection
	GlobalSection(ProjectConfigurationPlatforms) = postSolution
		{BABCF0B6-AC2B-41D4-998B-7B8BD9FDD186}.Debug|Any CPU.ActiveCfg = Debug|Any CPU
		{BABCF0B6-AC2B-41D4-998B-7B8BD9FDD186}.Debug|Any CPU.Build.0 = Debug|Any CPU
		{BABCF0B6-AC2B-41D4-998B-7B8BD9FDD186}.Release|Any CPU.ActiveCfg = Release|Any CPU
		{BABCF0B6-AC2B-41D4-998B-7B8BD9FDD186}.Release|Any CPU.Build.0 = Release|Any CPU
		{36578F68-89A5-47A3-ABAB-12BB0A0B2DFB}.Debug|Any CPU.ActiveCfg = Debug|Any CPU
		{36578F68-89A5-47A3-ABAB-12BB0A0B2DFB}.Debug|Any CPU.Build.0 = Debug|Any CPU
		{36578F68-89A5-47A3-ABAB-12BB0A0B2DFB}.Release|Any CPU.ActiveCfg = Release|Any CPU
		{36578F68-89A5-47A3-ABAB-12BB0A0B2DFB}.Release|Any CPU.Build.0 = Release|Any CPU
		{ADE9648A-F25A-4A21-897F-F8E7570B9A17}.Debug|Any CPU.ActiveCfg = Debug|Any CPU
		{ADE9648A-F25A-4A21-897F-F8E7570B9A17}.Debug|Any CPU.Build.0 = Debug|Any CPU
		{ADE9648A-F25A-4A21-897F-F8E7570B9A17}.Release|Any CPU.ActiveCfg = Release|Any CPU
		{ADE9648A-F25A-4A21-897F-F8E7570B9A17}.Release|Any CPU.Build.0 = Release|Any CPU
		{1459C03D-4E17-4D88-941C-C42409C0CD22}.Debug|Any CPU.ActiveCfg = Debug|Any CPU
		{1459C03D-4E17-4D88-941C-C42409C0CD22}.Debug|Any CPU.Build.0 = Debug|Any CPU
		{1459C03D-4E17-4D88-941C-C42409C0CD22}.Release|Any CPU.ActiveCfg = Release|Any CPU
		{1459C03D-4E17-4D88-941C-C42409C0CD22}.Release|Any CPU.Build.0 = Release|Any CPU
		{CE83B319-F034-498D-ABBB-4BF427FA1A29}.Debug|Any CPU.ActiveCfg = Debug|Any CPU
		{CE83B319-F034-498D-ABBB-4BF427FA1A29}.Debug|Any CPU.Build.0 = Debug|Any CPU
		{CE83B319-F034-498D-ABBB-4BF427FA1A29}.Release|Any CPU.ActiveCfg = Release|Any CPU
		{CE83B319-F034-498D-ABBB-4BF427FA1A29}.Release|Any CPU.Build.0 = Release|Any CPU
		{0014767A-C498-43FB-857F-EA4BA587FA45}.Debug|Any CPU.ActiveCfg = Debug|Any CPU
		{0014767A-C498-43FB-857F-EA4BA587FA45}.Debug|Any CPU.Build.0 = Debug|Any CPU
		{0014767A-C498-43FB-857F-EA4BA587FA45}.Release|Any CPU.ActiveCfg = Release|Any CPU
		{0014767A-C498-43FB-857F-EA4BA587FA45}.Release|Any CPU.Build.0 = Release|Any CPU
	EndGlobalSection
	GlobalSection(SolutionProperties) = preSolution
		HideSolutionNode = FALSE
	EndGlobalSection
	GlobalSection(NestedProjects) = preSolution
		{BABCF0B6-AC2B-41D4-998B-7B8BD9FDD186} = {02EA681E-C7D8-13C7-8484-4AC65E1B71E8}
		{36578F68-89A5-47A3-ABAB-12BB0A0B2DFB} = {259F17D9-A76E-4B50-8976-373F1A093EC8}
		{ADE9648A-F25A-4A21-897F-F8E7570B9A17} = {F94856AA-7293-47D1-9F03-AE713FCD0C96}
		{1459C03D-4E17-4D88-941C-C42409C0CD22} = {02EA681E-C7D8-13C7-8484-4AC65E1B71E8}
		{CE83B319-F034-498D-ABBB-4BF427FA1A29} = {0FA2ABB8-E91E-42AE-B20D-DE8900C42823}
		{0014767A-C498-43FB-857F-EA4BA587FA45} = {0FA2ABB8-E91E-42AE-B20D-DE8900C42823}
		{7763A846-C5EE-4530-BF70-34741498885F} = {8EC462FD-D22E-90A8-E5CE-7E832BA40C5D}
	EndGlobalSection
	GlobalSection(ExtensibilityGlobals) = postSolution
		SolutionGuid = {6FF2DBFB-F868-4E73-A36C-70DBFAA3D7B2}
	EndGlobalSection
EndGlobal
